<?xml version="1.0" encoding="utf-8"?>
<Project ToolsVersion="4.0" xmlns="http://schemas.microsoft.com/developer/msbuild/2003">
  <ItemGroup>
    <Filter Include="Source Files">
      <UniqueIdentifier>{4FC737F1-C7A5-4376-A066-2A32D752A2FF}</UniqueIdentifier>
      <Extensions>cpp;c;cc;cxx;def;odl;idl;hpj;bat;asm;asmx</Extensions>
    </Filter>
    <Filter Include="Header Files">
      <UniqueIdentifier>{93995380-89BD-4b04-88EB-625FBE52EBFB}</UniqueIdentifier>
      <Extensions>h;hh;hpp;hxx;hm;inl;inc;xsd</Extensions>
    </Filter>
    <Filter Include="Resource Files">
      <UniqueIdentifier>{67DA6AB6-F800-4c08-8B7A-83BB121AAD01}</UniqueIdentifier>
      <Extensions>rc;ico;cur;bmp;dlg;rc2;rct;bin;rgs;gif;jpg;jpeg;jpe;resx;tiff;tif;png;wav;mfcribbon-ms</Extensions>
    </Filter>
    <Filter Include="MODEL">
      <UniqueIdentifier>{e481d731-e8c8-4e1f-a38f-e978bdf9f85e}</UniqueIdentifier>
    </Filter>
    <Filter Include="CONTROLLER">
      <UniqueIdentifier>{a2ede857-0bca-49de-a0d7-c99c9febb92a}</UniqueIdentifier>
    </Filter>
  </ItemGroup>
  <ItemGroup>
    <ClInclude Include="GameController.h">
      <Filter>CONTROLLER</Filter>
    </ClInclude>
    <ClInclude Include="MapController.h">
      <Filter>CONTROLLER</Filter>
    </ClInclude>
    <ClInclude Include="PlayerController.h">
      <Filter>CONTROLLER</Filter>
    </ClInclude>
    <ClInclude Include="Map.h">
      <Filter>MODEL</Filter>
    </ClInclude>
    <ClInclude Include="Player.h">
      <Filter>MODEL</Filter>
    </ClInclude>
  </ItemGroup>
  <ItemGroup>
    <ClCompile Include="Driver.cpp">
      <Filter>Source Files</Filter>
    </ClCompile>
    <ClCompile Include="GameController.cpp">
      <Filter>CONTROLLER</Filter>
    </ClCompile>
    <ClCompile Include="PlayerController.cpp">
      <Filter>CONTROLLER</Filter>
    </ClCompile>
    <ClCompile Include="MapController.cpp">
      <Filter>CONTROLLER</Filter>
    </ClCompile>
    <ClCompile Include="Player.cpp">
      <Filter>MODEL</Filter>
    </ClCompile>
    <ClCompile Include="Map.cpp">
      <Filter>MODEL</Filter>
    </ClCompile>
  </ItemGroup>
</Project>